// !$*UTF8*$!
{
	archiveVersion = 1;
	classes = {
	};
	objectVersion = 77;
	objects = {

/* Begin PBXBuildFile section */
		0743409A302B0CBB00F29D76 /* ETOS Agent Share.appex in Embed Foundation Extensions */ = {isa = PBXBuildFile; fileRef = 07434090302B0CB900F29D76 /* ETOS Agent Share.appex */; settings = {ATTRIBUTES = (RemoveHeadersOnCopy, ); }; };
		074340A7302B0DB800F29D76 /* WidgetKit.framework in Frameworks */ = {isa = PBXBuildFile; fileRef = 074340A6302B0DB700F29D76 /* WidgetKit.framework */; };
		074340A9302B0DB800F29D76 /* SwiftUI.framework in Frameworks */ = {isa = PBXBuildFile; fileRef = 074340A8302B0DB800F29D76 /* SwiftUI.framework */; };
		074340B6302B0DBA00F29D76 /* ETOS Agent Widgets.appex in Embed Foundation Extensions */ = {isa = PBXBuildFile; fileRef = 074340A5302B0DB700F29D76 /* ETOS Agent Widgets.appex */; settings = {ATTRIBUTES = (RemoveHeadersOnCopy, ); }; };
		074340C2302B0EC100F29D76 /* UniformTypeIdentifiers.framework in Frameworks */ = {isa = PBXBuildFile; fileRef = 074340C1302B0EC100F29D76 /* UniformTypeIdentifiers.framework */; };
		074340CE302B0EC200F29D76 /* ETOS Workspace Provider.appex in Embed Foundation Extensions */ = {isa = PBXBuildFile; fileRef = 074340C0302B0EC000F29D76 /* ETOS Workspace Provider.appex */; settings = {ATTRIBUTES = (RemoveHeadersOnCopy, ); }; };
		07434143302B3FC300F29D76 /* ETOSCore.framework in Frameworks */ = {isa = PBXBuildFile; fileRef = 07434142302B3FC300F29D76 /* ETOSCore.framework */; };
		07434147302B40CF00F29D76 /* ETOSCore.framework in Frameworks */ = {isa = PBXBuildFile; fileRef = 07434146302B40CF00F29D76 /* ETOSCore.framework */; };
		0743414B302B414600F29D76 /* ETOSCore.framework in Frameworks */ = {isa = PBXBuildFile; fileRef = 0743414A302B414600F29D76 /* ETOSCore.framework */; };
		0743415D302B4A3100F29D76 /* WidgetKit.framework in Frameworks */ = {isa = PBXBuildFile; fileRef = 074340A6302B0DB700F29D76 /* WidgetKit.framework */; };
		0743415E302B4A3100F29D76 /* SwiftUI.framework in Frameworks */ = {isa = PBXBuildFile; fileRef = 074340A8302B0DB800F29D76 /* SwiftUI.framework */; };
		07434169302B4A3B00F29D76 /* ETOS Agent Watch WidgetsExtension.appex in Embed Foundation Extensions */ = {isa = PBXBuildFile; fileRef = 0743415C302B4A2F00F29D76 /* ETOS Agent Watch WidgetsExtension.appex */; settings = {ATTRIBUTES = (RemoveHeadersOnCopy, ); }; };
		077CD2622E962D8D00AD6556 /* MarkdownUI in Frameworks */ = {isa = PBXBuildFile; productRef = 077CD2612E962D8D00AD6556 /* MarkdownUI */; };
		0796796F2F1278F5006562BC /* ETOS LLM Studio Watch App.app in Embed Watch Content */ = {isa = PBXBuildFile; fileRef = 0796794F2F1278F2006562BC /* ETOS LLM Studio Watch App.app */; settings = {ATTRIBUTES = (RemoveHeadersOnCopy, ); }; };
		079679BE2F1279C8006562BC /* MarkdownUI in Frameworks */ = {isa = PBXBuildFile; productRef = 079679BD2F1279C8006562BC /* MarkdownUI */; };
		07B81F10302B56450028B43A /* ETOSCore.framework in Frameworks */ = {isa = PBXBuildFile; fileRef = 07B81F0F302B56450028B43A /* ETOSCore.framework */; };
		07BEEE072FB6DAAB000D31FC /* SQLCipher in Frameworks */ = {isa = PBXBuildFile; productRef = 07BEEE062FB6DAAB000D31FC /* SQLCipher */; };
		07BEEE0A2FB6DAB8000D31FC /* SQLCipher in Frameworks */ = {isa = PBXBuildFile; productRef = 07BEEE092FB6DAB8000D31FC /* SQLCipher */; };
		07BEEE0C2FB6DB57000D31FC /* ETOSCore.framework in Frameworks */ = {isa = PBXBuildFile; fileRef = 07BEEE0B2FB6DB57000D31FC /* ETOSCore.framework */; };
		07BEEE0D2FB6DB57000D31FC /* ETOSCore.framework in Embed Frameworks */ = {isa = PBXBuildFile; fileRef = 07BEEE0B2FB6DB57000D31FC /* ETOSCore.framework */; settings = {ATTRIBUTES = (CodeSignOnCopy, RemoveHeadersOnCopy, ); }; };
		07BEEE0F2FB6DB5E000D31FC /* ETOSCore.framework in Frameworks */ = {isa = PBXBuildFile; fileRef = 07BEEE0E2FB6DB5E000D31FC /* ETOSCore.framework */; };
		07BEEE102FB6DB5E000D31FC /* ETOSCore.framework in Embed Frameworks */ = {isa = PBXBuildFile; fileRef = 07BEEE0E2FB6DB5E000D31FC /* ETOSCore.framework */; settings = {ATTRIBUTES = (CodeSignOnCopy, RemoveHeadersOnCopy, ); }; };
		07E153EA2FC0EBA90056CC91 /* CepheusKeyboardKit in Frameworks */ = {isa = PBXBuildFile; productRef = 07E153E92FC0EBA90056CC91 /* CepheusKeyboardKit */; };
		09A06C4C2F75031D0089D1E1 /* SwiftMath in Frameworks */ = {isa = PBXBuildFile; productRef = 09A06C4B2F75031D0089D1E1 /* SwiftMath */; };
/* End PBXBuildFile section */

/* Begin PBXContainerItemProxy section */
		07434098302B0CBB00F29D76 /* PBXContainerItemProxy */ = {
			isa = PBXContainerItemProxy;
			containerPortal = 073CA6D32E8CFD65004516A0 /* Project object */;
			proxyType = 1;
			remoteGlobalIDString = 0743408F302B0CB900F29D76;
			remoteInfo = "ETOS Agent Share";
		};
		074340B4302B0DBA00F29D76 /* PBXContainerItemProxy */ = {
			isa = PBXContainerItemProxy;
			containerPortal = 073CA6D32E8CFD65004516A0 /* Project object */;
			proxyType = 1;
			remoteGlobalIDString = 074340A4302B0DB700F29D76;
			remoteInfo = "ETOS Agent WidgetsExtension";
		};
		074340CC302B0EC200F29D76 /* PBXContainerItemProxy */ = {
			isa = PBXContainerItemProxy;
			containerPortal = 073CA6D32E8CFD65004516A0 /* Project object */;
			proxyType = 1;
			remoteGlobalIDString = 074340BF302B0EC000F29D76;
			remoteInfo = "ETOS Workspace Provider";
		};
		07434167302B4A3B00F29D76 /* PBXContainerItemProxy */ = {
			isa = PBXContainerItemProxy;
			containerPortal = 073CA6D32E8CFD65004516A0 /* Project object */;
			proxyType = 1;
			remoteGlobalIDString = 0743415B302B4A2F00F29D76;
			remoteInfo = "ETOS Agent Watch WidgetsExtension";
		};
		0796795C2F1278F5006562BC /* PBXContainerItemProxy */ = {
			isa = PBXContainerItemProxy;
			containerPortal = 073CA6D32E8CFD65004516A0 /* Project object */;
			proxyType = 1;
			remoteGlobalIDString = 0796794E2F1278F2006562BC;
			remoteInfo = "ETOS LLM Studio Watch App";
		};
		0796796D2F1278F5006562BC /* PBXContainerItemProxy */ = {
			isa = PBXContainerItemProxy;
			containerPortal = 073CA6D32E8CFD65004516A0 /* Project object */;
			proxyType = 1;
			remoteGlobalIDString = 0796794E2F1278F2006562BC;
			remoteInfo = "ETOS LLM Studio Watch App";
		};
		07FA9DC52FD6C92600C6EEE9 /* PBXContainerItemProxy */ = {
			isa = PBXContainerItemProxy;
			containerPortal = 073CA6D32E8CFD65004516A0 /* Project object */;
			proxyType = 1;
			remoteGlobalIDString = 073CA6DA2E8CFD65004516A0;
			remoteInfo = "ETOS LLM Studio App";
		};
/* End PBXContainerItemProxy section */

/* Begin PBXCopyFilesBuildPhase section */
		073D1C582E8F55EB00E6D9E1 /* Embed Frameworks */ = {
			isa = PBXCopyFilesBuildPhase;
			buildActionMask = 2147483647;
			dstPath = "";
			dstSubfolderSpec = 10;
			files = (
				07BEEE0D2FB6DB57000D31FC /* ETOSCore.framework in Embed Frameworks */,
			);
			name = "Embed Frameworks";
			runOnlyForDeploymentPostprocessing = 0;
		};
		0743409F302B0CBB00F29D76 /* Embed Foundation Extensions */ = {
			isa = PBXCopyFilesBuildPhase;
			buildActionMask = 2147483647;
			dstPath = "";
			dstSubfolderSpec = 13;
			files = (
				074340CE302B0EC200F29D76 /* ETOS Workspace Provider.appex in Embed Foundation Extensions */,
				0743409A302B0CBB00F29D76 /* ETOS Agent Share.appex in Embed Foundation Extensions */,
				074340B6302B0DBA00F29D76 /* ETOS Agent Widgets.appex in Embed Foundation Extensions */,
			);
			name = "Embed Foundation Extensions";
			runOnlyForDeploymentPostprocessing = 0;
		};
		0743416E302B4A3B00F29D76 /* Embed Foundation Extensions */ = {
			isa = PBXCopyFilesBuildPhase;
			buildActionMask = 2147483647;
			dstPath = "";
			dstSubfolderSpec = 13;
			files = (
				07434169302B4A3B00F29D76 /* ETOS Agent Watch WidgetsExtension.appex in Embed Foundation Extensions */,
			);
			name = "Embed Foundation Extensions";
			runOnlyForDeploymentPostprocessing = 0;
		};
		0785DA3A2F1277EA003A89BD /* Embed Watch Content */ = {
			isa = PBXCopyFilesBuildPhase;
			buildActionMask = 2147483647;
			dstPath = "$(CONTENTS_FOLDER_PATH)/Watch";
			dstSubfolderSpec = 16;
			files = (
				0796796F2F1278F5006562BC /* ETOS LLM Studio Watch App.app in Embed Watch Content */,
			);
			name = "Embed Watch Content";
			runOnlyForDeploymentPostprocessing = 0;
		};
		079679C22F1279CC006562BC /* Embed Frameworks */ = {
			isa = PBXCopyFilesBuildPhase;
			buildActionMask = 2147483647;
			dstPath = "";
			dstSubfolderSpec = 10;
			files = (
				07BEEE102FB6DB5E000D31FC /* ETOSCore.framework in Embed Frameworks */,
			);
			name = "Embed Frameworks";
			runOnlyForDeploymentPostprocessing = 0;
		};
/* End PBXCopyFilesBuildPhase section */

/* Begin PBXFileReference section */
		073CA6DB2E8CFD65004516A0 /* ETOS LLM Studio App.app */ = {isa = PBXFileReference; explicitFileType = wrapper.application; includeInIndex = 0; path = "ETOS LLM Studio App.app"; sourceTree = BUILT_PRODUCTS_DIR; };
		0743408B302B092800F29D76 /* ETOS LLM Studio AppRelease.entitlements */ = {isa = PBXFileReference; lastKnownFileType = text.plist.entitlements; path = "ETOS LLM Studio AppRelease.entitlements"; sourceTree = "<group>"; };
		07434090302B0CB900F29D76 /* ETOS Agent Share.appex */ = {isa = PBXFileReference; explicitFileType = "wrapper.app-extension"; includeInIndex = 0; path = "ETOS Agent Share.appex"; sourceTree = BUILT_PRODUCTS_DIR; };
		074340A5302B0DB700F29D76 /* ETOS Agent Widgets.appex */ = {isa = PBXFileReference; explicitFileType = "wrapper.app-extension"; includeInIndex = 0; path = "ETOS Agent Widgets.appex"; sourceTree = BUILT_PRODUCTS_DIR; };
		074340A6302B0DB700F29D76 /* WidgetKit.framework */ = {isa = PBXFileReference; lastKnownFileType = wrapper.framework; name = WidgetKit.framework; path = System/Library/Frameworks/WidgetKit.framework; sourceTree = SDKROOT; };
		074340A8302B0DB800F29D76 /* SwiftUI.framework */ = {isa = PBXFileReference; lastKnownFileType = wrapper.framework; name = SwiftUI.framework; path = System/Library/Frameworks/SwiftUI.framework; sourceTree = SDKROOT; };
		074340C0302B0EC000F29D76 /* ETOS Workspace Provider.appex */ = {isa = PBXFileReference; explicitFileType = "wrapper.app-extension"; includeInIndex = 0; path = "ETOS Workspace Provider.appex"; sourceTree = BUILT_PRODUCTS_DIR; };
		074340C1302B0EC100F29D76 /* UniformTypeIdentifiers.framework */ = {isa = PBXFileReference; lastKnownFileType = wrapper.framework; name = UniformTypeIdentifiers.framework; path = System/Library/Frameworks/UniformTypeIdentifiers.framework; sourceTree = SDKROOT; };
		07434142302B3FC300F29D76 /* ETOSCore.framework */ = {isa = PBXFileReference; explicitFileType = wrapper.framework; path = ETOSCore.framework; sourceTree = BUILT_PRODUCTS_DIR; };
		07434146302B40CF00F29D76 /* ETOSCore.framework */ = {isa = PBXFileReference; explicitFileType = wrapper.framework; path = ETOSCore.framework; sourceTree = BUILT_PRODUCTS_DIR; };
		0743414A302B414600F29D76 /* ETOSCore.framework */ = {isa = PBXFileReference; explicitFileType = wrapper.framework; path = ETOSCore.framework; sourceTree = BUILT_PRODUCTS_DIR; };
		0743415C302B4A2F00F29D76 /* ETOS Agent Watch WidgetsExtension.appex */ = {isa = PBXFileReference; explicitFileType = "wrapper.app-extension"; includeInIndex = 0; path = "ETOS Agent Watch WidgetsExtension.appex"; sourceTree = BUILT_PRODUCTS_DIR; };
		0743416F302B4B1B00F29D76 /* ETOS Agent Watch WidgetsExtensionRelease.entitlements */ = {isa = PBXFileReference; lastKnownFileType = text.plist.entitlements; path = "ETOS Agent Watch WidgetsExtensionRelease.entitlements"; sourceTree = "<group>"; };
		07434172302B4FD800F29D76 /* ETOS Agent Watch WidgetsExtensionDebug.entitlements */ = {isa = PBXFileReference; lastKnownFileType = text.plist.entitlements; path = "ETOS Agent Watch WidgetsExtensionDebug.entitlements"; sourceTree = "<group>"; };
		0796794F2F1278F2006562BC /* ETOS LLM Studio Watch App.app */ = {isa = PBXFileReference; explicitFileType = wrapper.application; includeInIndex = 0; path = "ETOS LLM Studio Watch App.app"; sourceTree = BUILT_PRODUCTS_DIR; };
		0796795B2F1278F5006562BC /* ETOS LLM Studio Watch AppTests.xctest */ = {isa = PBXFileReference; explicitFileType = wrapper.cfbundle; includeInIndex = 0; path = "ETOS LLM Studio Watch AppTests.xctest"; sourceTree = BUILT_PRODUCTS_DIR; };
		07B81F0F302B56450028B43A /* ETOSCore.framework */ = {isa = PBXFileReference; explicitFileType = wrapper.framework; path = ETOSCore.framework; sourceTree = BUILT_PRODUCTS_DIR; };
		07BEEE0B2FB6DB57000D31FC /* ETOSCore.framework */ = {isa = PBXFileReference; explicitFileType = wrapper.framework; path = ETOSCore.framework; sourceTree = BUILT_PRODUCTS_DIR; };
		07BEEE0E2FB6DB5E000D31FC /* ETOSCore.framework */ = {isa = PBXFileReference; explicitFileType = wrapper.framework; path = ETOSCore.framework; sourceTree = BUILT_PRODUCTS_DIR; };
		07FA9DC12FD6C92600C6EEE9 /* ETOS LLM Studio AppTests.xctest */ = {isa = PBXFileReference; explicitFileType = wrapper.cfbundle; includeInIndex = 0; path = "ETOS LLM Studio AppTests.xctest"; sourceTree = BUILT_PRODUCTS_DIR; };
/* End PBXFileReference section */

/* Begin PBXFileSystemSynchronizedBuildFileExceptionSet section */
		0733CA502F23B450007931E8 /* Exceptions for "ETOS LLM Studio Watch App" folder in "ETOS LLM Studio Watch App" target */ = {
			isa = PBXFileSystemSynchronizedBuildFileExceptionSet;
			membershipExceptions = (
				Info.plist,
			);
			target = 0796794E2F1278F2006562BC /* ETOS LLM Studio Watch App */;
		};
		0743409B302B0CBB00F29D76 /* Exceptions for "ETOS Agent Share" folder in "ETOS Agent Share" target */ = {
			isa = PBXFileSystemSynchronizedBuildFileExceptionSet;
			membershipExceptions = (
				Info.plist,
			);
			target = 0743408F302B0CB900F29D76 /* ETOS Agent Share */;
		};
		074340B7302B0DBA00F29D76 /* Exceptions for "ETOS Agent Widgets" folder in "ETOS Agent Widgets" target */ = {
			isa = PBXFileSystemSynchronizedBuildFileExceptionSet;
			membershipExceptions = (
				Info.plist,
			);
			target = 074340A4302B0DB700F29D76 /* ETOS Agent Widgets */;
		};
		074340CF302B0EC200F29D76 /* Exceptions for "ETOS Workspace Provider" folder in "ETOS Workspace Provider" target */ = {
			isa = PBXFileSystemSynchronizedBuildFileExceptionSet;
			membershipExceptions = (
				Info.plist,
			);
			target = 074340BF302B0EC000F29D76 /* ETOS Workspace Provider */;
		};
		0743416D302B4A3B00F29D76 /* Exceptions for "ETOS Agent Watch Widgets" folder in "ETOS Agent Watch WidgetsExtension" target */ = {
			isa = PBXFileSystemSynchronizedBuildFileExceptionSet;
			membershipExceptions = (
				Info.plist,
			);
			target = 0743415B302B4A2F00F29D76 /* ETOS Agent Watch WidgetsExtension */;
		};
/* End PBXFileSystemSynchronizedBuildFileExceptionSet section */

/* Begin PBXFileSystemSynchronizedRootGroup section */
		073CA6DD2E8CFD65004516A0 /* ETOS LLM Studio iOS App */ = {
			isa = PBXFileSystemSynchronizedRootGroup;
			path = "ETOS LLM Studio iOS App";
			sourceTree = "<group>";
		};
		07434091302B0CB900F29D76 /* ETOS Agent Share */ = {
			isa = PBXFileSystemSynchronizedRootGroup;
			exceptions = (
				0743409B302B0CBB00F29D76 /* Exceptions for "ETOS Agent Share" folder in "ETOS Agent Share" target */,
			);
			path = "ETOS Agent Share";
			sourceTree = "<group>";
		};
		074340AA302B0DB800F29D76 /* ETOS Agent Widgets */ = {
			isa = PBXFileSystemSynchronizedRootGroup;
			exceptions = (
				074340B7302B0DBA00F29D76 /* Exceptions for "ETOS Agent Widgets" folder in "ETOS Agent Widgets" target */,
			);
			path = "ETOS Agent Widgets";
			sourceTree = "<group>";
		};
		074340C3302B0EC100F29D76 /* ETOS Workspace Provider */ = {
			isa = PBXFileSystemSynchronizedRootGroup;
			exceptions = (
				074340CF302B0EC200F29D76 /* Exceptions for "ETOS Workspace Provider" folder in "ETOS Workspace Provider" target */,
			);
			path = "ETOS Workspace Provider";
			sourceTree = "<group>";
		};
		0743415F302B4A3100F29D76 /* ETOS Agent Watch Widgets */ = {
			isa = PBXFileSystemSynchronizedRootGroup;
			exceptions = (
				0743416D302B4A3B00F29D76 /* Exceptions for "ETOS Agent Watch Widgets" folder in "ETOS Agent Watch WidgetsExtension" target */,
			);
			path = "ETOS Agent Watch Widgets";
			sourceTree = "<group>";
		};
		079679502F1278F3006562BC /* ETOS LLM Studio Watch App */ = {
			isa = PBXFileSystemSynchronizedRootGroup;
			exceptions = (
				0733CA502F23B450007931E8 /* Exceptions for "ETOS LLM Studio Watch App" folder in "ETOS LLM Studio Watch App" target */,
			);
			path = "ETOS LLM Studio Watch App";
			sourceTree = "<group>";
		};
		0796795E2F1278F5006562BC /* ETOS LLM Studio Watch AppTests */ = {
			isa = PBXFileSystemSynchronizedRootGroup;
			path = "ETOS LLM Studio Watch AppTests";
			sourceTree = "<group>";
		};
		07FA9DC22FD6C92600C6EEE9 /* ETOS LLM Studio AppTests */ = {
			isa = PBXFileSystemSynchronizedRootGroup;
			path = "ETOS LLM Studio AppTests";
			sourceTree = "<group>";
		};
/* End PBXFileSystemSynchronizedRootGroup section */

/* Begin PBXFrameworksBuildPhase section */
		073CA6D82E8CFD65004516A0 /* Frameworks */ = {
			isa = PBXFrameworksBuildPhase;
			buildActionMask = 2147483647;
			files = (
				07BEEE072FB6DAAB000D31FC /* SQLCipher in Frameworks */,
				077CD2622E962D8D00AD6556 /* MarkdownUI in Frameworks */,
				09A06C4C2F75031D0089D1E1 /* SwiftMath in Frameworks */,
				07BEEE0C2FB6DB57000D31FC /* ETOSCore.framework in Frameworks */,
			);
			runOnlyForDeploymentPostprocessing = 0;
		};
		0743408D302B0CB900F29D76 /* Frameworks */ = {
			isa = PBXFrameworksBuildPhase;
			buildActionMask = 2147483647;
			files = (
				07434143302B3FC300F29D76 /* ETOSCore.framework in Frameworks */,
			);
			runOnlyForDeploymentPostprocessing = 0;
		};
		074340A2302B0DB700F29D76 /* Frameworks */ = {
			isa = PBXFrameworksBuildPhase;
			buildActionMask = 2147483647;
			files = (
				074340A9302B0DB800F29D76 /* SwiftUI.framework in Frameworks */,
				074340A7302B0DB800F29D76 /* WidgetKit.framework in Frameworks */,
				07434147302B40CF00F29D76 /* ETOSCore.framework in Frameworks */,
			);
			runOnlyForDeploymentPostprocessing = 0;
		};
		074340BD302B0EC000F29D76 /* Frameworks */ = {
			isa = PBXFrameworksBuildPhase;
			buildActionMask = 2147483647;
			files = (
				0743414B302B414600F29D76 /* ETOSCore.framework in Frameworks */,
				074340C2302B0EC100F29D76 /* UniformTypeIdentifiers.framework in Frameworks */,
			);
			runOnlyForDeploymentPostprocessing = 0;
		};
		07434159302B4A2F00F29D76 /* Frameworks */ = {
			isa = PBXFrameworksBuildPhase;
			buildActionMask = 2147483647;
			files = (
				0743415E302B4A3100F29D76 /* SwiftUI.framework in Frameworks */,
				0743415D302B4A3100F29D76 /* WidgetKit.framework in Frameworks */,
				07B81F10302B56450028B43A /* ETOSCore.framework in Frameworks */,
			);
			runOnlyForDeploymentPostprocessing = 0;
		};
		0796794C2F1278F2006562BC /* Frameworks */ = {
			isa = PBXFrameworksBuildPhase;
			buildActionMask = 2147483647;
			files = (
				07E153EA2FC0EBA90056CC91 /* CepheusKeyboardKit in Frameworks */,
				07BEEE0A2FB6DAB8000D31FC /* SQLCipher in Frameworks */,
				07BEEE0F2FB6DB5E000D31FC /* ETOSCore.framework in Frameworks */,
				079679BE2F1279C8006562BC /* MarkdownUI in Frameworks */,
			);
			runOnlyForDeploymentPostprocessing = 0;
		};
		079679582F1278F5006562BC /* Frameworks */ = {
			isa = PBXFrameworksBuildPhase;
			buildActionMask = 2147483647;
			files = (
			);
			runOnlyForDeploymentPostprocessing = 0;
		};
		07FA9DBE2FD6C92600C6EEE9 /* Frameworks */ = {
			isa = PBXFrameworksBuildPhase;
			buildActionMask = 2147483647;
			files = (
			);
			runOnlyForDeploymentPostprocessing = 0;
		};
/* End PBXFrameworksBuildPhase section */

/* Begin PBXGroup section */
		073CA6D22E8CFD65004516A0 = {
			isa = PBXGroup;
			children = (
				07434172302B4FD800F29D76 /* ETOS Agent Watch WidgetsExtensionDebug.entitlements */,
				0743416F302B4B1B00F29D76 /* ETOS Agent Watch WidgetsExtensionRelease.entitlements */,
				0743408B302B092800F29D76 /* ETOS LLM Studio AppRelease.entitlements */,
				073CA6DD2E8CFD65004516A0 /* ETOS LLM Studio iOS App */,
				079679502F1278F3006562BC /* ETOS LLM Studio Watch App */,
				0796795E2F1278F5006562BC /* ETOS LLM Studio Watch AppTests */,
				07FA9DC22FD6C92600C6EEE9 /* ETOS LLM Studio AppTests */,
				07434091302B0CB900F29D76 /* ETOS Agent Share */,
				074340AA302B0DB800F29D76 /* ETOS Agent Widgets */,
				074340C3302B0EC100F29D76 /* ETOS Workspace Provider */,
				0743415F302B4A3100F29D76 /* ETOS Agent Watch Widgets */,
				07BEEE082FB6DAB8000D31FC /* Frameworks */,
				073CA6DC2E8CFD65004516A0 /* Products */,
			);
			sourceTree = "<group>";
		};
		073CA6DC2E8CFD65004516A0 /* Products */ = {
			isa = PBXGroup;
			children = (
				073CA6DB2E8CFD65004516A0 /* ETOS LLM Studio App.app */,
				0796794F2F1278F2006562BC /* ETOS LLM Studio Watch App.app */,
				0796795B2F1278F5006562BC /* ETOS LLM Studio Watch AppTests.xctest */,
				07FA9DC12FD6C92600C6EEE9 /* ETOS LLM Studio AppTests.xctest */,
				07434090302B0CB900F29D76 /* ETOS Agent Share.appex */,
				074340A5302B0DB700F29D76 /* ETOS Agent Widgets.appex */,
				074340C0302B0EC000F29D76 /* ETOS Workspace Provider.appex */,
				0743415C302B4A2F00F29D76 /* ETOS Agent Watch WidgetsExtension.appex */,
			);
			name = Products;
			sourceTree = "<group>";
		};
		07BEEE082FB6DAB8000D31FC /* Frameworks */ = {
			isa = PBXGroup;
			children = (
				07B81F0F302B56450028B43A /* ETOSCore.framework */,
				0743414A302B414600F29D76 /* ETOSCore.framework */,
				07434146302B40CF00F29D76 /* ETOSCore.framework */,
				07434142302B3FC300F29D76 /* ETOSCore.framework */,
				07BEEE0E2FB6DB5E000D31FC /* ETOSCore.framework */,
				07BEEE0B2FB6DB57000D31FC /* ETOSCore.framework */,
				074340A6302B0DB700F29D76 /* WidgetKit.framework */,
				074340A8302B0DB800F29D76 /* SwiftUI.framework */,
				074340C1302B0EC100F29D76 /* UniformTypeIdentifiers.framework */,
			);
			name = Frameworks;
			sourceTree = "<group>";
		};
/* End PBXGroup section */

/* Begin PBXNativeTarget section */
		073CA6DA2E8CFD65004516A0 /* ETOS LLM Studio App */ = {
			isa = PBXNativeTarget;
			buildConfigurationList = 073CA6E62E8CFD66004516A0 /* Build configuration list for PBXNativeTarget "ETOS LLM Studio App" */;
			buildPhases = (
				073CA6D72E8CFD65004516A0 /* Sources */,
				073CA6D82E8CFD65004516A0 /* Frameworks */,
				073CA6D92E8CFD65004516A0 /* Resources */,
				073D1C582E8F55EB00E6D9E1 /* Embed Frameworks */,
				0785DA3A2F1277EA003A89BD /* Embed Watch Content */,
				0743409F302B0CBB00F29D76 /* Embed Foundation Extensions */,
			);
			buildRules = (
			);
			dependencies = (
				0796796E2F1278F5006562BC /* PBXTargetDependency */,
				07434099302B0CBB00F29D76 /* PBXTargetDependency */,
				074340B5302B0DBA00F29D76 /* PBXTargetDependency */,
				074340CD302B0EC200F29D76 /* PBXTargetDependency */,
			);
			fileSystemSynchronizedGroups = (
				073CA6DD2E8CFD65004516A0 /* ETOS LLM Studio iOS App */,
			);
			name = "ETOS LLM Studio App";
			packageProductDependencies = (
				077CD2612E962D8D00AD6556 /* MarkdownUI */,
				09A06C4B2F75031D0089D1E1 /* SwiftMath */,
				07BEEE062FB6DAAB000D31FC /* SQLCipher */,
			);
			productName = "ETOS LLM Studio iOS App";
			productReference = 073CA6DB2E8CFD65004516A0 /* ETOS LLM Studio App.app */;
			productType = "com.apple.product-type.application";
		};
		0743408F302B0CB900F29D76 /* ETOS Agent Share */ = {
			isa = PBXNativeTarget;
			buildConfigurationList = 0743409C302B0CBB00F29D76 /* Build configuration list for PBXNativeTarget "ETOS Agent Share" */;
			buildPhases = (
				0743408C302B0CB900F29D76 /* Sources */,
				0743408D302B0CB900F29D76 /* Frameworks */,
				0743408E302B0CB900F29D76 /* Resources */,
			);
			buildRules = (
			);
			dependencies = (
			);
			fileSystemSynchronizedGroups = (
				07434091302B0CB900F29D76 /* ETOS Agent Share */,
			);
			name = "ETOS Agent Share";
			packageProductDependencies = (
			);
			productName = "ETOS Agent Share";
			productReference = 07434090302B0CB900F29D76 /* ETOS Agent Share.appex */;
			productType = "com.apple.product-type.app-extension";
		};
		074340A4302B0DB700F29D76 /* ETOS Agent Widgets */ = {
			isa = PBXNativeTarget;
			buildConfigurationList = 074340B8302B0DBA00F29D76 /* Build configuration list for PBXNativeTarget "ETOS Agent Widgets" */;
			buildPhases = (
				074340A1302B0DB700F29D76 /* Sources */,
				074340A2302B0DB700F29D76 /* Frameworks */,
				074340A3302B0DB700F29D76 /* Resources */,
			);
			buildRules = (
			);
			dependencies = (
			);
			fileSystemSynchronizedGroups = (
				074340AA302B0DB800F29D76 /* ETOS Agent Widgets */,
			);
			name = "ETOS Agent Widgets";
			packageProductDependencies = (
			);
			productName = "ETOS Agent WidgetsExtension";
			productReference = 074340A5302B0DB700F29D76 /* ETOS Agent Widgets.appex */;
			productType = "com.apple.product-type.app-extension";
		};
		074340BF302B0EC000F29D76 /* ETOS Workspace Provider */ = {
			isa = PBXNativeTarget;
			buildConfigurationList = 074340D0302B0EC200F29D76 /* Build configuration list for PBXNativeTarget "ETOS Workspace Provider" */;
			buildPhases = (
				074340BC302B0EC000F29D76 /* Sources */,
				074340BD302B0EC000F29D76 /* Frameworks */,
				074340BE302B0EC000F29D76 /* Resources */,
			);
			buildRules = (
			);
			dependencies = (
			);
			fileSystemSynchronizedGroups = (
				074340C3302B0EC100F29D76 /* ETOS Workspace Provider */,
			);
			name = "ETOS Workspace Provider";
			packageProductDependencies = (
			);
			productName = "ETOS Workspace Provider";
			productReference = 074340C0302B0EC000F29D76 /* ETOS Workspace Provider.appex */;
			productType = "com.apple.product-type.app-extension";
		};
		0743415B302B4A2F00F29D76 /* ETOS Agent Watch WidgetsExtension */ = {
			isa = PBXNativeTarget;
			buildConfigurationList = 0743416A302B4A3B00F29D76 /* Build configuration list for PBXNativeTarget "ETOS Agent Watch WidgetsExtension" */;
			buildPhases = (
				07434158302B4A2F00F29D76 /* Sources */,
				07434159302B4A2F00F29D76 /* Frameworks */,
				0743415A302B4A2F00F29D76 /* Resources */,
			);
			buildRules = (
			);
			dependencies = (
			);
			fileSystemSynchronizedGroups = (
				0743415F302B4A3100F29D76 /* ETOS Agent Watch Widgets */,
			);
			name = "ETOS Agent Watch WidgetsExtension";
			packageProductDependencies = (
			);
			productName = "ETOS Agent Watch WidgetsExtension";
			productReference = 0743415C302B4A2F00F29D76 /* ETOS Agent Watch WidgetsExtension.appex */;
			productType = "com.apple.product-type.app-extension";
		};
		0796794E2F1278F2006562BC /* ETOS LLM Studio Watch App */ = {
			isa = PBXNativeTarget;
			buildConfigurationList = 079679762F1278F5006562BC /* Build configuration list for PBXNativeTarget "ETOS LLM Studio Watch App" */;
			buildPhases = (
				0796794B2F1278F2006562BC /* Sources */,
				0796794C2F1278F2006562BC /* Frameworks */,
				0796794D2F1278F2006562BC /* Resources */,
				079679C22F1279CC006562BC /* Embed Frameworks */,
				0743416E302B4A3B00F29D76 /* Embed Foundation Extensions */,
			);
			buildRules = (
			);
			dependencies = (
				07967AF32F1281AE006562BC /* PBXTargetDependency */,
				07434168302B4A3B00F29D76 /* PBXTargetDependency */,
			);
			fileSystemSynchronizedGroups = (
				079679502F1278F3006562BC /* ETOS LLM Studio Watch App */,
			);
			name = "ETOS LLM Studio Watch App";
			packageProductDependencies = (
				079679BD2F1279C8006562BC /* MarkdownUI */,
				07BEEE092FB6DAB8000D31FC /* SQLCipher */,
				07E153E92FC0EBA90056CC91 /* CepheusKeyboardKit */,
			);
			productName = "ETOS LLM Studio Watch App";
			productReference = 0796794F2F1278F2006562BC /* ETOS LLM Studio Watch App.app */;
			productType = "com.apple.product-type.application";
		};
		0796795A2F1278F5006562BC /* ETOS LLM Studio Watch AppTests */ = {
			isa = PBXNativeTarget;
			buildConfigurationList = 079679772F1278F5006562BC /* Build configuration list for PBXNativeTarget "ETOS LLM Studio Watch AppTests" */;
			buildPhases = (
				079679572F1278F5006562BC /* Sources */,
				079679582F1278F5006562BC /* Frameworks */,
				079679592F1278F5006562BC /* Resources */,
			);
			buildRules = (
			);
			dependencies = (
				0796795D2F1278F5006562BC /* PBXTargetDependency */,
			);
			fileSystemSynchronizedGroups = (
				0796795E2F1278F5006562BC /* ETOS LLM Studio Watch AppTests */,
			);
			name = "ETOS LLM Studio Watch AppTests";
			packageProductDependencies = (
			);
			productName = "ETOS LLM Studio Watch AppTests";
			productReference = 0796795B2F1278F5006562BC /* ETOS LLM Studio Watch AppTests.xctest */;
			productType = "com.apple.product-type.bundle.unit-test";
		};
		07FA9DC02FD6C92600C6EEE9 /* ETOS LLM Studio AppTests */ = {
			isa = PBXNativeTarget;
			buildConfigurationList = 07FA9DC92FD6C92600C6EEE9 /* Build configuration list for PBXNativeTarget "ETOS LLM Studio AppTests" */;
			buildPhases = (
				07FA9DBD2FD6C92600C6EEE9 /* Sources */,
				07FA9DBE2FD6C92600C6EEE9 /* Frameworks */,
				07FA9DBF2FD6C92600C6EEE9 /* Resources */,
			);
			buildRules = (
			);
			dependencies = (
				07FA9DC62FD6C92600C6EEE9 /* PBXTargetDependency */,
			);
			fileSystemSynchronizedGroups = (
				07FA9DC22FD6C92600C6EEE9 /* ETOS LLM Studio AppTests */,
			);
			name = "ETOS LLM Studio AppTests";
			packageProductDependencies = (
			);
			productName = "ETOS LLM Studio AppTests";
			productReference = 07FA9DC12FD6C92600C6EEE9 /* ETOS LLM Studio AppTests.xctest */;
			productType = "com.apple.product-type.bundle.unit-test";
		};
/* End PBXNativeTarget section */

/* Begin PBXProject section */
		073CA6D32E8CFD65004516A0 /* Project object */ = {
			isa = PBXProject;
			attributes = {
				BuildIndependentTargetsInParallel = 1;
				LastSwiftUpdateCheck = 2660;
				LastUpgradeCheck = 2700;
				TargetAttributes = {
					073CA6DA2E8CFD65004516A0 = {
						CreatedOnToolsVersion = 26.0.1;
					};
					0743408F302B0CB900F29D76 = {
						CreatedOnToolsVersion = 26.6;
					};
					074340A4302B0DB700F29D76 = {
						CreatedOnToolsVersion = 26.6;
					};
					074340BF302B0EC000F29D76 = {
						CreatedOnToolsVersion = 26.6;
					};
					0743415B302B4A2F00F29D76 = {
						CreatedOnToolsVersion = 26.6;
					};
					0796794E2F1278F2006562BC = {
						CreatedOnToolsVersion = 26.2;
					};
					0796795A2F1278F5006562BC = {
						CreatedOnToolsVersion = 26.2;
						TestTargetID = 0796794E2F1278F2006562BC;
					};
					07FA9DC02FD6C92600C6EEE9 = {
						CreatedOnToolsVersion = 26.5;
						TestTargetID = 073CA6DA2E8CFD65004516A0;
					};
				};
			};
			buildConfigurationList = 073CA6D62E8CFD65004516A0 /* Build configuration list for PBXProject "ETOS LLM Studio" */;
			developmentRegion = en;
			hasScannedForEncodings = 0;
			knownRegions = (
				en,
				Base,
				"zh-Hant-HK",
				"zh-Hans",
				ja,
				ru,
				es,
				ar,
				fr,
			);
			mainGroup = 073CA6D22E8CFD65004516A0;
			minimizedProjectReferenceProxies = 1;
			packageReferences = (
				077CD2602E962D8D00AD6556 /* XCRemoteSwiftPackageReference "swift-markdown-ui" */,
				09A06C4A2F75031D0089D1E1 /* XCRemoteSwiftPackageReference "SwiftMath" */,
				07BEEE052FB6DAAA000D31FC /* XCRemoteSwiftPackageReference "SQLCipher.swift" */,
				07E153E82FC0EBA90056CC91 /* XCRemoteSwiftPackageReference "Cepheus" */,
			);
			preferredProjectObjectVersion = 77;
			productRefGroup = 073CA6DC2E8CFD65004516A0 /* Products */;
			projectDirPath = "";
			projectRoot = "";
			targets = (
				073CA6DA2E8CFD65004516A0 /* ETOS LLM Studio App */,
				0796794E2F1278F2006562BC /* ETOS LLM Studio Watch App */,
				0796795A2F1278F5006562BC /* ETOS LLM Studio Watch AppTests */,
				07FA9DC02FD6C92600C6EEE9 /* ETOS LLM Studio AppTests */,
				0743408F302B0CB900F29D76 /* ETOS Agent Share */,
				074340A4302B0DB700F29D76 /* ETOS Agent Widgets */,
				074340BF302B0EC000F29D76 /* ETOS Workspace Provider */,
				0743415B302B4A2F00F29D76 /* ETOS Agent Watch WidgetsExtension */,
			);
		};
/* End PBXProject section */

/* Begin PBXResourcesBuildPhase section */
		073CA6D92E8CFD65004516A0 /* Resources */ = {
			isa = PBXResourcesBuildPhase;
			buildActionMask = 2147483647;
			files = (
			);
			runOnlyForDeploymentPostprocessing = 0;
		};
		0743408E302B0CB900F29D76 /* Resources */ = {
			isa = PBXResourcesBuildPhase;
			buildActionMask = 2147483647;
			files = (
			);
			runOnlyForDeploymentPostprocessing = 0;
		};
		074340A3302B0DB700F29D76 /* Resources */ = {
			isa = PBXResourcesBuildPhase;
			buildActionMask = 2147483647;
			files = (
			);
			runOnlyForDeploymentPostprocessing = 0;
		};
		074340BE302B0EC000F29D76 /* Resources */ = {
			isa = PBXResourcesBuildPhase;
			buildActionMask = 2147483647;
			files = (
			);
			runOnlyForDeploymentPostprocessing = 0;
		};
		0743415A302B4A2F00F29D76 /* Resources */ = {
			isa = PBXResourcesBuildPhase;
			buildActionMask = 2147483647;
			files = (
			);
			runOnlyForDeploymentPostprocessing = 0;
		};
		0796794D2F1278F2006562BC /* Resources */ = {
			isa = PBXResourcesBuildPhase;
			buildActionMask = 2147483647;
			files = (
			);
			runOnlyForDeploymentPostprocessing = 0;
		};
		079679592F1278F5006562BC /* Resources */ = {
			isa = PBXResourcesBuildPhase;
			buildActionMask = 2147483647;
			files = (
			);
			runOnlyForDeploymentPostprocessing = 0;
		};
		07FA9DBF2FD6C92600C6EEE9 /* Resources */ = {
			isa = PBXResourcesBuildPhase;
			buildActionMask = 2147483647;
			files = (
			);
			runOnlyForDeploymentPostprocessing = 0;
		};
/* End PBXResourcesBuildPhase section */

/* Begin PBXSourcesBuildPhase section */
		073CA6D72E8CFD65004516A0 /* Sources */ = {
			isa = PBXSourcesBuildPhase;
			buildActionMask = 2147483647;
			files = (
			);
			runOnlyForDeploymentPostprocessing = 0;
		};
		0743408C302B0CB900F29D76 /* Sources */ = {
			isa = PBXSourcesBuildPhase;
			buildActionMask = 2147483647;
			files = (
			);
			runOnlyForDeploymentPostprocessing = 0;
		};
		074340A1302B0DB700F29D76 /* Sources */ = {
			isa = PBXSourcesBuildPhase;
			buildActionMask = 2147483647;
			files = (
			);
			runOnlyForDeploymentPostprocessing = 0;
		};
		074340BC302B0EC000F29D76 /* Sources */ = {
			isa = PBXSourcesBuildPhase;
			buildActionMask = 2147483647;
			files = (
			);
			runOnlyForDeploymentPostprocessing = 0;
		};
		07434158302B4A2F00F29D76 /* Sources */ = {
			isa = PBXSourcesBuildPhase;
			buildActionMask = 2147483647;
			files = (
			);
			runOnlyForDeploymentPostprocessing = 0;
		};
		0796794B2F1278F2006562BC /* Sources */ = {
			isa = PBXSourcesBuildPhase;
			buildActionMask = 2147483647;
			files = (
			);
			runOnlyForDeploymentPostprocessing = 0;
		};
		079679572F1278F5006562BC /* Sources */ = {
			isa = PBXSourcesBuildPhase;
			buildActionMask = 2147483647;
			files = (
			);
			runOnlyForDeploymentPostprocessing = 0;
		};
		07FA9DBD2FD6C92600C6EEE9 /* Sources */ = {
			isa = PBXSourcesBuildPhase;
			buildActionMask = 2147483647;
			files = (
			);
			runOnlyForDeploymentPostprocessing = 0;
		};
/* End PBXSourcesBuildPhase section */

/* Begin PBXTargetDependency section */
		07434099302B0CBB00F29D76 /* PBXTargetDependency */ = {
			isa = PBXTargetDependency;
			target = 0743408F302B0CB900F29D76 /* ETOS Agent Share */;
			targetProxy = 07434098302B0CBB00F29D76 /* PBXContainerItemProxy */;
		};
		074340B5302B0DBA00F29D76 /* PBXTargetDependency */ = {
			isa = PBXTargetDependency;
			target = 074340A4302B0DB700F29D76 /* ETOS Agent Widgets */;
			targetProxy = 074340B4302B0DBA00F29D76 /* PBXContainerItemProxy */;
		};
		074340CD302B0EC200F29D76 /* PBXTargetDependency */ = {
			isa = PBXTargetDependency;
			target = 074340BF302B0EC000F29D76 /* ETOS Workspace Provider */;
			targetProxy = 074340CC302B0EC200F29D76 /* PBXContainerItemProxy */;
		};
		07434168302B4A3B00F29D76 /* PBXTargetDependency */ = {
			isa = PBXTargetDependency;
			target = 0743415B302B4A2F00F29D76 /* ETOS Agent Watch WidgetsExtension */;
			targetProxy = 07434167302B4A3B00F29D76 /* PBXContainerItemProxy */;
		};
		0796795D2F1278F5006562BC /* PBXTargetDependency */ = {
			isa = PBXTargetDependency;
			target = 0796794E2F1278F2006562BC /* ETOS LLM Studio Watch App */;
			targetProxy = 0796795C2F1278F5006562BC /* PBXContainerItemProxy */;
		};
		0796796E2F1278F5006562BC /* PBXTargetDependency */ = {
			isa = PBXTargetDependency;
			target = 0796794E2F1278F2006562BC /* ETOS LLM Studio Watch App */;
			targetProxy = 0796796D2F1278F5006562BC /* PBXContainerItemProxy */;
		};
		07967AF32F1281AE006562BC /* PBXTargetDependency */ = {
			isa = PBXTargetDependency;
			productRef = 07967AF22F1281AE006562BC /* MarkdownUI */;
		};
		07FA9DC62FD6C92600C6EEE9 /* PBXTargetDependency */ = {
			isa = PBXTargetDependency;
			target = 073CA6DA2E8CFD65004516A0 /* ETOS LLM Studio App */;
			targetProxy = 07FA9DC52FD6C92600C6EEE9 /* PBXContainerItemProxy */;
		};
/* End PBXTargetDependency section */

/* Begin XCBuildConfiguration section */
		073CA6E42E8CFD66004516A0 /* Debug */ = {
			isa = XCBuildConfiguration;
			buildSettings = {
				ALWAYS_SEARCH_USER_PATHS = NO;
				ASSETCATALOG_COMPILER_GENERATE_SWIFT_ASSET_SYMBOL_EXTENSIONS = YES;
				CLANG_ANALYZER_LOCALIZABILITY_NONLOCALIZED = YES;
				CLANG_ANALYZER_NONNULL = YES;
				CLANG_ANALYZER_NUMBER_OBJECT_CONVERSION = YES_AGGRESSIVE;
				CLANG_CXX_LANGUAGE_STANDARD = "gnu++20";
				CLANG_ENABLE_MODULES = YES;
				CLANG_ENABLE_OBJC_ARC = YES;
				CLANG_ENABLE_OBJC_WEAK = YES;
				CLANG_WARN_BLOCK_CAPTURE_AUTORELEASING = YES;
				CLANG_WARN_BOOL_CONVERSION = YES;
				CLANG_WARN_COMMA = YES;
				CLANG_WARN_CONSTANT_CONVERSION = YES;
				CLANG_WARN_DEPRECATED_OBJC_IMPLEMENTATIONS = YES;
				CLANG_WARN_DIRECT_OBJC_ISA_USAGE = YES_ERROR;
				CLANG_WARN_DOCUMENTATION_COMMENTS = YES;
				CLANG_WARN_EMPTY_BODY = YES;
				CLANG_WARN_ENUM_CONVERSION = YES;
				CLANG_WARN_INFINITE_RECURSION = YES;
				CLANG_WARN_INT_CONVERSION = YES;
				CLANG_WARN_NON_LITERAL_NULL_CONVERSION = YES;
				CLANG_WARN_OBJC_IMPLICIT_RETAIN_SELF = YES;
				CLANG_WARN_OBJC_LITERAL_CONVERSION = YES;
				CLANG_WARN_OBJC_ROOT_CLASS = YES_ERROR;
				CLANG_WARN_QUOTED_INCLUDE_IN_FRAMEWORK_HEADER = YES;
				CLANG_WARN_RANGE_LOOP_ANALYSIS = YES;
				CLANG_WARN_STRICT_PROTOTYPES = YES;
				CLANG_WARN_SUSPICIOUS_MOVE = YES;
				CLANG_WARN_UNGUARDED_AVAILABILITY = YES_AGGRESSIVE;
				CLANG_WARN_UNREACHABLE_CODE = YES;
				CLANG_WARN__DUPLICATE_METHOD_MATCH = YES;
				COPY_PHASE_STRIP = NO;
				DEBUG_INFORMATION_FORMAT = dwarf;
				DEVELOPMENT_TEAM = K9LDK6LF4H;
				ENABLE_STRICT_OBJC_MSGSEND = YES;
				ENABLE_TESTABILITY = YES;
				ENABLE_USER_SCRIPT_SANDBOXING = YES;
				"EXCLUDED_ARCHS[sdk=iphonesimulator*]" = x86_64;
				"EXCLUDED_ARCHS[sdk=watchsimulator*]" = x86_64;
				GCC_C_LANGUAGE_STANDARD = gnu17;
				GCC_DYNAMIC_NO_PIC = NO;
				GCC_NO_COMMON_BLOCKS = YES;
				GCC_OPTIMIZATION_LEVEL = 0;
				GCC_PREPROCESSOR_DEFINITIONS = (
					"DEBUG=1",
					"$(inherited)",
				);
				GCC_WARN_64_TO_32_BIT_CONVERSION = YES;
				GCC_WARN_ABOUT_RETURN_TYPE = YES_ERROR;
				GCC_WARN_UNDECLARED_SELECTOR = YES;
				GCC_WARN_UNINITIALIZED_AUTOS = YES_AGGRESSIVE;
				GCC_WARN_UNUSED_FUNCTION = YES;
				GCC_WARN_UNUSED_VARIABLE = YES;
				IPHONEOS_DEPLOYMENT_TARGET = 26.0;
				LOCALIZATION_PREFERS_STRING_CATALOGS = YES;
				MTL_ENABLE_DEBUG_INFO = INCLUDE_SOURCE;
				MTL_FAST_MATH = YES;
				ONLY_ACTIVE_ARCH = YES;
				SDKROOT = iphoneos;
				STRING_CATALOG_GENERATE_SYMBOLS = YES;
				SWIFT_ACTIVE_COMPILATION_CONDITIONS = "DEBUG $(inherited)";
				SWIFT_OPTIMIZATION_LEVEL = "-Onone";
			};
			name = Debug;
		};
		073CA6E52E8CFD66004516A0 /* Release */ = {
			isa = XCBuildConfiguration;
			buildSettings = {
				ALWAYS_SEARCH_USER_PATHS = NO;
				ASSETCATALOG_COMPILER_GENERATE_SWIFT_ASSET_SYMBOL_EXTENSIONS = YES;
				CLANG_ANALYZER_LOCALIZABILITY_NONLOCALIZED = YES;
				CLANG_ANALYZER_NONNULL = YES;
				CLANG_ANALYZER_NUMBER_OBJECT_CONVERSION = YES_AGGRESSIVE;
				CLANG_CXX_LANGUAGE_STANDARD = "gnu++20";
				CLANG_ENABLE_MODULES = YES;
				CLANG_ENABLE_OBJC_ARC = YES;
				CLANG_ENABLE_OBJC_WEAK = YES;
				CLANG_WARN_BLOCK_CAPTURE_AUTORELEASING = YES;
				CLANG_WARN_BOOL_CONVERSION = YES;
				CLANG_WARN_COMMA = YES;
				CLANG_WARN_CONSTANT_CONVERSION = YES;
				CLANG_WARN_DEPRECATED_OBJC_IMPLEMENTATIONS = YES;
				CLANG_WARN_DIRECT_OBJC_ISA_USAGE = YES_ERROR;
				CLANG_WARN_DOCUMENTATION_COMMENTS = YES;
				CLANG_WARN_EMPTY_BODY = YES;
				CLANG_WARN_ENUM_CONVERSION = YES;
				CLANG_WARN_INFINITE_RECURSION = YES;
				CLANG_WARN_INT_CONVERSION = YES;
				CLANG_WARN_NON_LITERAL_NULL_CONVERSION = YES;
				CLANG_WARN_OBJC_IMPLICIT_RETAIN_SELF = YES;
				CLANG_WARN_OBJC_LITERAL_CONVERSION = YES;
				CLANG_WARN_OBJC_ROOT_CLASS = YES_ERROR;
				CLANG_WARN_QUOTED_INCLUDE_IN_FRAMEWORK_HEADER = YES;
				CLANG_WARN_RANGE_LOOP_ANALYSIS = YES;
				CLANG_WARN_STRICT_PROTOTYPES = YES;
				CLANG_WARN_SUSPICIOUS_MOVE = YES;
				CLANG_WARN_UNGUARDED_AVAILABILITY = YES_AGGRESSIVE;
				CLANG_WARN_UNREACHABLE_CODE = YES;
				CLANG_WARN__DUPLICATE_METHOD_MATCH = YES;
				COPY_PHASE_STRIP = NO;
				DEBUG_INFORMATION_FORMAT = "dwarf-with-dsym";
				DEVELOPMENT_TEAM = K9LDK6LF4H;
				ENABLE_NS_ASSERTIONS = NO;
				ENABLE_STRICT_OBJC_MSGSEND = YES;
				ENABLE_USER_SCRIPT_SANDBOXING = YES;
				GCC_C_LANGUAGE_STANDARD = gnu17;
				GCC_NO_COMMON_BLOCKS = YES;
				GCC_WARN_64_TO_32_BIT_CONVERSION = YES;
				GCC_WARN_ABOUT_RETURN_TYPE = YES_ERROR;
				GCC_WARN_UNDECLARED_SELECTOR = YES;
				GCC_WARN_UNINITIALIZED_AUTOS = YES_AGGRESSIVE;
				GCC_WARN_UNUSED_FUNCTION = YES;
				GCC_WARN_UNUSED_VARIABLE = YES;
				IPHONEOS_DEPLOYMENT_TARGET = 26.0;
				LOCALIZATION_PREFERS_STRING_CATALOGS = YES;
				MTL_ENABLE_DEBUG_INFO = NO;
				MTL_FAST_MATH = YES;
				SDKROOT = iphoneos;
				STRING_CATALOG_GENERATE_SYMBOLS = YES;
				SWIFT_COMPILATION_MODE = wholemodule;
				VALIDATE_PRODUCT = YES;
			};
			name = Release;
		};
		073CA6E72E8CFD66004516A0 /* Debug */ = {
			isa = XCBuildConfiguration;
			buildSettings = {
				ASSETCATALOG_COMPILER_APPICON_NAME = AppIcon;
				ASSETCATALOG_COMPILER_GLOBAL_ACCENT_COLOR_NAME = AccentColor;
				CODE_SIGN_ENTITLEMENTS = "ETOS LLM Studio iOS App/ETOS LLM Studio iOS App.entitlements";
				CODE_SIGN_STYLE = Automatic;
				CURRENT_PROJECT_VERSION = 1;
				DEVELOPMENT_TEAM = K9LDK6LF4H;
				ENABLE_APP_SANDBOX = YES;
				ENABLE_INCOMING_NETWORK_CONNECTIONS = YES;
				ENABLE_OUTGOING_NETWORK_CONNECTIONS = YES;
				ENABLE_PREVIEWS = YES;
				GENERATE_INFOPLIST_FILE = YES;
				INFOPLIST_FILE = Config/iOSInfo.plist;
				INFOPLIST_KEY_AppIdentifierPrefix = "$(AppIdentifierPrefix)";
				INFOPLIST_KEY_BGTaskSchedulerPermittedIdentifiers_0 = com.ericterminal.els.dailyPulse.refresh;
				INFOPLIST_KEY_CFBundleDisplayName = ELS;
				INFOPLIST_KEY_ETKeychainAccessGroup = "$(AppIdentifierPrefix)com.ericterminal.els.shared";
				INFOPLIST_KEY_ITSAppUsesNonExemptEncryption = NO;
				INFOPLIST_KEY_LSApplicationCategoryType = "public.app-category.developer-tools";
				INFOPLIST_KEY_LSSupportsOpeningDocumentsInPlace = YES;
				INFOPLIST_KEY_NFCReaderUsageDescription = "Scan or write nearby NFC tags only when you explicitly invoke an NFC tool.";
				INFOPLIST_KEY_NSBluetoothAlwaysUsageDescription = "Scan and connect to nearby Bluetooth devices only when you explicitly invoke a Bluetooth tool.";
				"INFOPLIST_KEY_NSBonjourServices[sdk=*]" = "_http._tcp _ws._tcp _etos-debug._tcp";
				INFOPLIST_KEY_NSCalendarsFullAccessUsageDescription = "Read, create, and update authorized calendar events only when you explicitly invoke a calendar tool.";
				INFOPLIST_KEY_NSCalendarsUsageDescription = "Read, create, and update authorized calendar events only when you explicitly invoke a calendar tool.";
				INFOPLIST_KEY_NSCameraUsageDescription = "Use the camera when you choose to capture an image for the model.";
				INFOPLIST_KEY_NSContactsUsageDescription = "Read or update authorized contacts only when you explicitly invoke a contacts tool.";
				INFOPLIST_KEY_NSFaceIDUsageDescription = "Use Face ID to unlock the app lock.";
				INFOPLIST_KEY_NSHealthShareUsageDescription = "Read authorized health, sleep, and activity data only when you explicitly invoke a health tool.";
				INFOPLIST_KEY_NSHealthUpdateUsageDescription = "Write authorized health records only when you explicitly invoke a health tool.";
				INFOPLIST_KEY_NSHomeKitUsageDescription = "Read and control authorized homes and accessories only when you explicitly invoke a Home tool.";
				INFOPLIST_KEY_NSLocalNetworkUsageDescription = "Connect to local debugging services and local-network tools you select.";
				INFOPLIST_KEY_NSLocationWhenInUseUsageDescription = "Read your current location when you explicitly invoke a location tool, or keep an active response running when background generation is enabled.";
				INFOPLIST_KEY_NSMicrophoneUsageDescription = "Record audio when you use voice input.";
				INFOPLIST_KEY_NSPhotoLibraryAddUsageDescription = "Save generated or selected images to your photo library after you confirm.";
				INFOPLIST_KEY_NSPhotoLibraryUsageDescription = "Read and manage authorized photos when you select an image or explicitly invoke a Photos tool.";
				INFOPLIST_KEY_NSRemindersFullAccessUsageDescription = "Read, create, and update authorized reminders only when you explicitly invoke a reminders tool.";
				INFOPLIST_KEY_NSRemindersUsageDescription = "Read, create, and update authorized reminders only when you explicitly invoke a reminders tool.";
				INFOPLIST_KEY_NSSpeechRecognitionUsageDescription = "Convert speech to text when you use voice input or explicitly invoke a transcription tool.";
				INFOPLIST_KEY_NSSupportsLiveActivities = YES;
				INFOPLIST_KEY_UIApplicationSceneManifest_Generation = YES;
				INFOPLIST_KEY_UIApplicationSupportsIndirectInputEvents = YES;
				INFOPLIST_KEY_UIBackgroundModes_0 = fetch;
				INFOPLIST_KEY_UIBackgroundModes_1 = "remote-notification";
				INFOPLIST_KEY_UILaunchScreen_Generation = YES;
				INFOPLIST_KEY_UISupportedInterfaceOrientations_iPad = "UIInterfaceOrientationPortrait UIInterfaceOrientationPortraitUpsideDown UIInterfaceOrientationLandscapeLeft UIInterfaceOrientationLandscapeRight";
				INFOPLIST_KEY_UISupportedInterfaceOrientations_iPhone = "UIInterfaceOrientationPortrait UIInterfaceOrientationLandscapeLeft UIInterfaceOrientationLandscapeRight";
				IPHONEOS_DEPLOYMENT_TARGET = 17.0;
				LD_RUNPATH_SEARCH_PATHS = (
					"$(inherited)",
					"@executable_path/Frameworks",
				);
				MARKETING_VERSION = 1.9.0;
				PRODUCT_BUNDLE_IDENTIFIER = com.ericterminal.els;
				PRODUCT_NAME = "$(TARGET_NAME)";
				STRING_CATALOG_GENERATE_SYMBOLS = YES;
				SWIFT_APPROACHABLE_CONCURRENCY = YES;
				SWIFT_DEFAULT_ACTOR_ISOLATION = MainActor;
				SWIFT_EMIT_LOC_STRINGS = YES;
				SWIFT_UPCOMING_FEATURE_MEMBER_IMPORT_VISIBILITY = YES;
				SWIFT_VERSION = 5.0;
				TARGETED_DEVICE_FAMILY = "1,2";
			};
			name = Debug;
		};
		073CA6E82E8CFD66004516A0 /* Release */ = {
			isa = XCBuildConfiguration;
			buildSettings = {
				ASSETCATALOG_COMPILER_APPICON_NAME = AppIcon;
				ASSETCATALOG_COMPILER_GLOBAL_ACCENT_COLOR_NAME = AccentColor;
				CODE_SIGN_ENTITLEMENTS = "ETOS LLM Studio AppRelease.entitlements";
				CODE_SIGN_STYLE = Automatic;
				CURRENT_PROJECT_VERSION = 1;
				DEVELOPMENT_TEAM = K9LDK6LF4H;
				ENABLE_APP_SANDBOX = YES;
				ENABLE_INCOMING_NETWORK_CONNECTIONS = YES;
				ENABLE_OUTGOING_NETWORK_CONNECTIONS = YES;
				ENABLE_PREVIEWS = YES;
				GENERATE_INFOPLIST_FILE = YES;
				INFOPLIST_FILE = Config/iOSInfo.plist;
				INFOPLIST_KEY_AppIdentifierPrefix = "$(AppIdentifierPrefix)";
				INFOPLIST_KEY_BGTaskSchedulerPermittedIdentifiers_0 = com.ericterminal.els.dailyPulse.refresh;
				INFOPLIST_KEY_CFBundleDisplayName = ELS;
				INFOPLIST_KEY_ETKeychainAccessGroup = "$(AppIdentifierPrefix)com.ericterminal.els.shared";
				INFOPLIST_KEY_ITSAppUsesNonExemptEncryption = NO;
				INFOPLIST_KEY_LSApplicationCategoryType = "public.app-category.developer-tools";
				INFOPLIST_KEY_LSSupportsOpeningDocumentsInPlace = YES;
				INFOPLIST_KEY_NFCReaderUsageDescription = "Scan or write nearby NFC tags only when you explicitly invoke an NFC tool.";
				INFOPLIST_KEY_NSBluetoothAlwaysUsageDescription = "Scan and connect to nearby Bluetooth devices only when you explicitly invoke a Bluetooth tool.";
				"INFOPLIST_KEY_NSBonjourServices[sdk=*]" = "_http._tcp _ws._tcp _etos-debug._tcp";
				INFOPLIST_KEY_NSCalendarsFullAccessUsageDescription = "Read, create, and update authorized calendar events only when you explicitly invoke a calendar tool.";
				INFOPLIST_KEY_NSCalendarsUsageDescription = "Read, create, and update authorized calendar events only when you explicitly invoke a calendar tool.";
				INFOPLIST_KEY_NSCameraUsageDescription = "Use the camera when you choose to capture an image for the model.";
				INFOPLIST_KEY_NSContactsUsageDescription = "Read or update authorized contacts only when you explicitly invoke a contacts tool.";
				INFOPLIST_KEY_NSFaceIDUsageDescription = "Use Face ID to unlock the app lock.";
				INFOPLIST_KEY_NSHealthShareUsageDescription = "Read authorized health, sleep, and activity data only when you explicitly invoke a health tool.";
				INFOPLIST_KEY_NSHealthUpdateUsageDescription = "Write authorized health records only when you explicitly invoke a health tool.";
				INFOPLIST_KEY_NSHomeKitUsageDescription = "Read and control authorized homes and accessories only when you explicitly invoke a Home tool.";
				INFOPLIST_KEY_NSLocalNetworkUsageDescription = "Connect to local debugging services and local-network tools you select.";
				INFOPLIST_KEY_NSLocationWhenInUseUsageDescription = "Read your current location when you explicitly invoke a location tool, or keep an active response running when background generation is enabled.";
				INFOPLIST_KEY_NSMicrophoneUsageDescription = "Record audio when you use voice input.";
				INFOPLIST_KEY_NSPhotoLibraryAddUsageDescription = "Save generated or selected images to your photo library after you confirm.";
				INFOPLIST_KEY_NSPhotoLibraryUsageDescription = "Read and manage authorized photos when you select an image or explicitly invoke a Photos tool.";
				INFOPLIST_KEY_NSRemindersFullAccessUsageDescription = "Read, create, and update authorized reminders only when you explicitly invoke a reminders tool.";
				INFOPLIST_KEY_NSRemindersUsageDescription = "Read, create, and update authorized reminders only when you explicitly invoke a reminders tool.";
				INFOPLIST_KEY_NSSpeechRecognitionUsageDescription = "Convert speech to text when you use voice input or explicitly invoke a transcription tool.";
				INFOPLIST_KEY_NSSupportsLiveActivities = YES;
				INFOPLIST_KEY_UIApplicationSceneManifest_Generation = YES;
				INFOPLIST_KEY_UIApplicationSupportsIndirectInputEvents = YES;
				INFOPLIST_KEY_UIBackgroundModes_0 = fetch;
				INFOPLIST_KEY_UIBackgroundModes_1 = "remote-notification";
				INFOPLIST_KEY_UILaunchScreen_Generation = YES;
				INFOPLIST_KEY_UISupportedInterfaceOrientations_iPad = "UIInterfaceOrientationPortrait UIInterfaceOrientationPortraitUpsideDown UIInterfaceOrientationLandscapeLeft UIInterfaceOrientationLandscapeRight";
				INFOPLIST_KEY_UISupportedInterfaceOrientations_iPhone = "UIInterfaceOrientationPortrait UIInterfaceOrientationLandscapeLeft UIInterfaceOrientationLandscapeRight";
				IPHONEOS_DEPLOYMENT_TARGET = 17.0;
				LD_RUNPATH_SEARCH_PATHS = (
					"$(inherited)",
					"@executable_path/Frameworks",
				);
				MARKETING_VERSION = 1.9.0;
				PRODUCT_BUNDLE_IDENTIFIER = com.ericterminal.els;
				PRODUCT_NAME = "$(TARGET_NAME)";
				STRING_CATALOG_GENERATE_SYMBOLS = YES;
				SWIFT_APPROACHABLE_CONCURRENCY = YES;
				SWIFT_DEFAULT_ACTOR_ISOLATION = MainActor;
				SWIFT_EMIT_LOC_STRINGS = YES;
				SWIFT_UPCOMING_FEATURE_MEMBER_IMPORT_VISIBILITY = YES;
				SWIFT_VERSION = 5.0;
				TARGETED_DEVICE_FAMILY = "1,2";
			};
			name = Release;
		};
		0743409D302B0CBB00F29D76 /* Debug */ = {
			isa = XCBuildConfiguration;
			buildSettings = {
				CODE_SIGN_ENTITLEMENTS = "ETOS Agent Share/ETOS Agent ShareDebug.entitlements";
				CODE_SIGN_STYLE = Automatic;
				CURRENT_PROJECT_VERSION = 1;
				DEVELOPMENT_TEAM = K9LDK6LF4H;
				GENERATE_INFOPLIST_FILE = YES;
				INFOPLIST_FILE = "ETOS Agent Share/Info.plist";
				INFOPLIST_KEY_CFBundleDisplayName = "ETOS Agent Share";
				INFOPLIST_KEY_NSHumanReadableCopyright = "";
				IPHONEOS_DEPLOYMENT_TARGET = 17.0;
				LD_RUNPATH_SEARCH_PATHS = (
					"$(inherited)",
					"@executable_path/Frameworks",
					"@executable_path/../../Frameworks",
				);
				MARKETING_VERSION = 1.9.0;
				PRODUCT_BUNDLE_IDENTIFIER = com.ericterminal.els.share;
				PRODUCT_NAME = "$(TARGET_NAME)";
				SKIP_INSTALL = YES;
				STRING_CATALOG_GENERATE_SYMBOLS = YES;
				SWIFT_APPROACHABLE_CONCURRENCY = YES;
				SWIFT_EMIT_LOC_STRINGS = YES;
				SWIFT_UPCOMING_FEATURE_MEMBER_IMPORT_VISIBILITY = YES;
				SWIFT_VERSION = 5.0;
				TARGETED_DEVICE_FAMILY = "1,2";
			};
			name = Debug;
		};
		0743409E302B0CBB00F29D76 /* Release */ = {
			isa = XCBuildConfiguration;
			buildSettings = {
				CODE_SIGN_ENTITLEMENTS = "ETOS Agent Share/ETOS Agent ShareRelease.entitlements";
				CODE_SIGN_STYLE = Automatic;
				CURRENT_PROJECT_VERSION = 1;
				DEVELOPMENT_TEAM = K9LDK6LF4H;
				GENERATE_INFOPLIST_FILE = YES;
				INFOPLIST_FILE = "ETOS Agent Share/Info.plist";
				INFOPLIST_KEY_CFBundleDisplayName = "ETOS Agent Share";
				INFOPLIST_KEY_NSHumanReadableCopyright = "";
				IPHONEOS_DEPLOYMENT_TARGET = 17.0;
				LD_RUNPATH_SEARCH_PATHS = (
					"$(inherited)",
					"@executable_path/Frameworks",
					"@executable_path/../../Frameworks",
				);
				MARKETING_VERSION = 1.9.0;
				PRODUCT_BUNDLE_IDENTIFIER = com.ericterminal.els.share;
				PRODUCT_NAME = "$(TARGET_NAME)";
				SKIP_INSTALL = YES;
				STRING_CATALOG_GENERATE_SYMBOLS = YES;
				SWIFT_APPROACHABLE_CONCURRENCY = YES;
				SWIFT_EMIT_LOC_STRINGS = YES;
				SWIFT_UPCOMING_FEATURE_MEMBER_IMPORT_VISIBILITY = YES;
				SWIFT_VERSION = 5.0;
				TARGETED_DEVICE_FAMILY = "1,2";
			};
			name = Release;
		};
		074340B9302B0DBA00F29D76 /* Debug */ = {
			isa = XCBuildConfiguration;
			buildSettings = {
				ASSETCATALOG_COMPILER_GLOBAL_ACCENT_COLOR_NAME = AccentColor;
				ASSETCATALOG_COMPILER_WIDGET_BACKGROUND_COLOR_NAME = WidgetBackground;
				CODE_SIGN_ENTITLEMENTS = "ETOS Agent Widgets/ETOS Agent WidgetsDebug.entitlements";
				CODE_SIGN_STYLE = Automatic;
				CURRENT_PROJECT_VERSION = 1;
				DEVELOPMENT_TEAM = K9LDK6LF4H;
				GENERATE_INFOPLIST_FILE = YES;
				INFOPLIST_FILE = "ETOS Agent Widgets/Info.plist";
				INFOPLIST_KEY_CFBundleDisplayName = "ETOS Agent Widgets";
				INFOPLIST_KEY_NSHumanReadableCopyright = "";
				IPHONEOS_DEPLOYMENT_TARGET = 17.0;
				LD_RUNPATH_SEARCH_PATHS = (
					"$(inherited)",
					"@executable_path/Frameworks",
					"@executable_path/../../Frameworks",
				);
				MARKETING_VERSION = 1.9.0;
				PRODUCT_BUNDLE_IDENTIFIER = com.ericterminal.els.widgets;
				PRODUCT_NAME = "$(TARGET_NAME)";
				SKIP_INSTALL = YES;
				STRING_CATALOG_GENERATE_SYMBOLS = YES;
				SWIFT_APPROACHABLE_CONCURRENCY = YES;
				SWIFT_EMIT_LOC_STRINGS = YES;
				SWIFT_UPCOMING_FEATURE_MEMBER_IMPORT_VISIBILITY = YES;
				SWIFT_VERSION = 5.0;
				TARGETED_DEVICE_FAMILY = "1,2";
			};
			name = Debug;
		};
		074340BA302B0DBA00F29D76 /* Release */ = {
			isa = XCBuildConfiguration;
			buildSettings = {
				ASSETCATALOG_COMPILER_GLOBAL_ACCENT_COLOR_NAME = AccentColor;
				ASSETCATALOG_COMPILER_WIDGET_BACKGROUND_COLOR_NAME = WidgetBackground;
				CODE_SIGN_ENTITLEMENTS = "ETOS Agent Widgets/ETOS Agent WidgetsRelease.entitlements";
				CODE_SIGN_STYLE = Automatic;
				CURRENT_PROJECT_VERSION = 1;
				DEVELOPMENT_TEAM = K9LDK6LF4H;
				GENERATE_INFOPLIST_FILE = YES;
				INFOPLIST_FILE = "ETOS Agent Widgets/Info.plist";
				INFOPLIST_KEY_CFBundleDisplayName = "ETOS Agent Widgets";
				INFOPLIST_KEY_NSHumanReadableCopyright = "";
				IPHONEOS_DEPLOYMENT_TARGET = 17.0;
				LD_RUNPATH_SEARCH_PATHS = (
					"$(inherited)",
					"@executable_path/Frameworks",
					"@executable_path/../../Frameworks",
				);
				MARKETING_VERSION = 1.9.0;
				PRODUCT_BUNDLE_IDENTIFIER = com.ericterminal.els.widgets;
				PRODUCT_NAME = "$(TARGET_NAME)";
				SKIP_INSTALL = YES;
				STRING_CATALOG_GENERATE_SYMBOLS = YES;
				SWIFT_APPROACHABLE_CONCURRENCY = YES;
				SWIFT_EMIT_LOC_STRINGS = YES;
				SWIFT_UPCOMING_FEATURE_MEMBER_IMPORT_VISIBILITY = YES;
				SWIFT_VERSION = 5.0;
				TARGETED_DEVICE_FAMILY = "1,2";
			};
			name = Release;
		};
		074340D1302B0EC200F29D76 /* Debug */ = {
			isa = XCBuildConfiguration;
			buildSettings = {
				CODE_SIGN_ENTITLEMENTS = "ETOS Workspace Provider/ETOS_Workspace_Provider.entitlements";
				CODE_SIGN_STYLE = Automatic;
				CURRENT_PROJECT_VERSION = 1;
				DEVELOPMENT_TEAM = K9LDK6LF4H;
				GENERATE_INFOPLIST_FILE = YES;
				INFOPLIST_FILE = "ETOS Workspace Provider/Info.plist";
				INFOPLIST_KEY_CFBundleDisplayName = "ETOS Workspace Provider";
				INFOPLIST_KEY_NSHumanReadableCopyright = "";
				IPHONEOS_DEPLOYMENT_TARGET = 17.0;
				LD_RUNPATH_SEARCH_PATHS = (
					"$(inherited)",
					"@executable_path/Frameworks",
					"@executable_path/../../Frameworks",
				);
				MARKETING_VERSION = 1.9.0;
				PRODUCT_BUNDLE_IDENTIFIER = "com.ericterminal.els.workspace-provider";
				PRODUCT_NAME = "$(TARGET_NAME)";
				SKIP_INSTALL = YES;
				STRING_CATALOG_GENERATE_SYMBOLS = YES;
				SWIFT_APPROACHABLE_CONCURRENCY = YES;
				SWIFT_EMIT_LOC_STRINGS = YES;
				SWIFT_UPCOMING_FEATURE_MEMBER_IMPORT_VISIBILITY = YES;
				SWIFT_VERSION = 5.0;
				TARGETED_DEVICE_FAMILY = "1,2";
			};
			name = Debug;
		};
		074340D2302B0EC200F29D76 /* Release */ = {
			isa = XCBuildConfiguration;
			buildSettings = {
				CODE_SIGN_ENTITLEMENTS = "ETOS Workspace Provider/ETOS_Workspace_Provider.entitlements";
				CODE_SIGN_STYLE = Automatic;
				CURRENT_PROJECT_VERSION = 1;
				DEVELOPMENT_TEAM = K9LDK6LF4H;
				GENERATE_INFOPLIST_FILE = YES;
				INFOPLIST_FILE = "ETOS Workspace Provider/Info.plist";
				INFOPLIST_KEY_CFBundleDisplayName = "ETOS Workspace Provider";
				INFOPLIST_KEY_NSHumanReadableCopyright = "";
				IPHONEOS_DEPLOYMENT_TARGET = 17.0;
				LD_RUNPATH_SEARCH_PATHS = (
					"$(inherited)",
					"@executable_path/Frameworks",
					"@executable_path/../../Frameworks",
				);
				MARKETING_VERSION = 1.9.0;
				PRODUCT_BUNDLE_IDENTIFIER = "com.ericterminal.els.workspace-provider";
				PRODUCT_NAME = "$(TARGET_NAME)";
				SKIP_INSTALL = YES;
				STRING_CATALOG_GENERATE_SYMBOLS = YES;
				SWIFT_APPROACHABLE_CONCURRENCY = YES;
				SWIFT_EMIT_LOC_STRINGS = YES;
				SWIFT_UPCOMING_FEATURE_MEMBER_IMPORT_VISIBILITY = YES;
				SWIFT_VERSION = 5.0;
				TARGETED_DEVICE_FAMILY = "1,2";
			};
			name = Release;
		};
		0743416B302B4A3B00F29D76 /* Debug */ = {
			isa = XCBuildConfiguration;
			buildSettings = {
				ASSETCATALOG_COMPILER_GLOBAL_ACCENT_COLOR_NAME = AccentColor;
				ASSETCATALOG_COMPILER_WIDGET_BACKGROUND_COLOR_NAME = WidgetBackground;
				CODE_SIGN_ENTITLEMENTS = "ETOS Agent Watch WidgetsExtensionDebug.entitlements";
				CODE_SIGN_STYLE = Automatic;
				CURRENT_PROJECT_VERSION = 1;
				DEVELOPMENT_TEAM = K9LDK6LF4H;
				GENERATE_INFOPLIST_FILE = YES;
				INFOPLIST_FILE = "ETOS Agent Watch Widgets/Info.plist";
				INFOPLIST_KEY_CFBundleDisplayName = "ETOS Agent Watch Widgets";
				INFOPLIST_KEY_NSHumanReadableCopyright = "";
				IPHONEOS_DEPLOYMENT_TARGET = "$(RECOMMENDED_IPHONEOS_DEPLOYMENT_TARGET)";
				LD_RUNPATH_SEARCH_PATHS = (
					"$(inherited)",
					"@executable_path/Frameworks",
					"@executable_path/../../Frameworks",
					"@executable_path/../../../../Frameworks",
				);
				MARKETING_VERSION = 1.9.0;
				PRODUCT_BUNDLE_IDENTIFIER = com.ericterminal.els.watchkitapp.widgets;
				PRODUCT_NAME = "$(TARGET_NAME)";
				SDKROOT = watchos;
				SKIP_INSTALL = YES;
				STRING_CATALOG_GENERATE_SYMBOLS = YES;
				SWIFT_APPROACHABLE_CONCURRENCY = YES;
				SWIFT_EMIT_LOC_STRINGS = YES;
				SWIFT_UPCOMING_FEATURE_MEMBER_IMPORT_VISIBILITY = YES;
				SWIFT_VERSION = 5.0;
				TARGETED_DEVICE_FAMILY = 4;
				WATCHOS_DEPLOYMENT_TARGET = 10.0;
			};
			name = Debug;
		};
		0743416C302B4A3B00F29D76 /* Release */ = {
			isa = XCBuildConfiguration;
			buildSettings = {
				ASSETCATALOG_COMPILER_GLOBAL_ACCENT_COLOR_NAME = AccentColor;
				ASSETCATALOG_COMPILER_WIDGET_BACKGROUND_COLOR_NAME = WidgetBackground;
				CODE_SIGN_ENTITLEMENTS = "ETOS Agent Watch WidgetsExtensionRelease.entitlements";
				CODE_SIGN_STYLE = Automatic;
				CURRENT_PROJECT_VERSION = 1;
				DEVELOPMENT_TEAM = K9LDK6LF4H;
				GENERATE_INFOPLIST_FILE = YES;
				INFOPLIST_FILE = "ETOS Agent Watch Widgets/Info.plist";
				INFOPLIST_KEY_CFBundleDisplayName = "ETOS Agent Watch Widgets";
				INFOPLIST_KEY_NSHumanReadableCopyright = "";
				IPHONEOS_DEPLOYMENT_TARGET = "$(RECOMMENDED_IPHONEOS_DEPLOYMENT_TARGET)";
				LD_RUNPATH_SEARCH_PATHS = (
					"$(inherited)",
					"@executable_path/Frameworks",
					"@executable_path/../../Frameworks",
					"@executable_path/../../../../Frameworks",
				);
				MARKETING_VERSION = 1.9.0;
				PRODUCT_BUNDLE_IDENTIFIER = com.ericterminal.els.watchkitapp.widgets;
				PRODUCT_NAME = "$(TARGET_NAME)";
				SDKROOT = watchos;
				SKIP_INSTALL = YES;
				STRING_CATALOG_GENERATE_SYMBOLS = YES;
				SWIFT_APPROACHABLE_CONCURRENCY = YES;
				SWIFT_EMIT_LOC_STRINGS = YES;
				SWIFT_UPCOMING_FEATURE_MEMBER_IMPORT_VISIBILITY = YES;
				SWIFT_VERSION = 5.0;
				TARGETED_DEVICE_FAMILY = 4;
				WATCHOS_DEPLOYMENT_TARGET = 10.0;
			};
			name = Release;
		};
		079679702F1278F5006562BC /* Debug */ = {
			isa = XCBuildConfiguration;
			buildSettings = {
				ASSETCATALOG_COMPILER_APPICON_NAME = AppIcon;
				ASSETCATALOG_COMPILER_GLOBAL_ACCENT_COLOR_NAME = AccentColor;
				CODE_SIGN_ENTITLEMENTS = "ETOS LLM Studio Watch App/ETOS LLM Studio Watch App.entitlements";
				CODE_SIGN_STYLE = Automatic;
				CURRENT_PROJECT_VERSION = 1;
				DEVELOPMENT_TEAM = K9LDK6LF4H;
				ENABLE_APP_SANDBOX = YES;
				ENABLE_INCOMING_NETWORK_CONNECTIONS = YES;
				ENABLE_OUTGOING_NETWORK_CONNECTIONS = YES;
				ENABLE_PREVIEWS = YES;
				GENERATE_INFOPLIST_FILE = YES;
				INFOPLIST_FILE = "ETOS LLM Studio Watch App/Info.plist";
				INFOPLIST_KEY_AppIdentifierPrefix = "$(AppIdentifierPrefix)";
				INFOPLIST_KEY_CFBundleDisplayName = ELS;
				INFOPLIST_KEY_ETKeychainAccessGroup = "$(AppIdentifierPrefix)com.ericterminal.els.shared";
				INFOPLIST_KEY_NSMicrophoneUsageDescription = "语音输入需要访问麦克风";
				INFOPLIST_KEY_UISupportedInterfaceOrientations = "UIInterfaceOrientationPortrait UIInterfaceOrientationPortraitUpsideDown";
				INFOPLIST_KEY_WKCompanionAppBundleIdentifier = com.ericterminal.els;
				INFOPLIST_KEY_WKRunsIndependentlyOfCompanionApp = YES;
				LD_RUNPATH_SEARCH_PATHS = (
					"$(inherited)",
					"@executable_path/Frameworks",
				);
				MARKETING_VERSION = 1.9.0;
				PRODUCT_BUNDLE_IDENTIFIER = com.ericterminal.els.watchkitapp;
				PRODUCT_NAME = "$(TARGET_NAME)";
				SDKROOT = watchos;
				SKIP_INSTALL = YES;
				STRING_CATALOG_GENERATE_SYMBOLS = YES;
				SWIFT_APPROACHABLE_CONCURRENCY = YES;
				SWIFT_DEFAULT_ACTOR_ISOLATION = MainActor;
				SWIFT_EMIT_LOC_STRINGS = YES;
				SWIFT_UPCOMING_FEATURE_MEMBER_IMPORT_VISIBILITY = YES;
				SWIFT_VERSION = 5.0;
				TARGETED_DEVICE_FAMILY = 4;
				WATCHOS_DEPLOYMENT_TARGET = 10.0;
			};
			name = Debug;
		};
		079679712F1278F5006562BC /* Release */ = {
			isa = XCBuildConfiguration;
			buildSettings = {
				ASSETCATALOG_COMPILER_APPICON_NAME = AppIcon;
				ASSETCATALOG_COMPILER_GLOBAL_ACCENT_COLOR_NAME = AccentColor;
				CODE_SIGN_ENTITLEMENTS = "ETOS LLM Studio Watch App/ETOS LLM Studio Watch App.entitlements";
				"CODE_SIGN_ENTITLEMENTS[sdk=*]" = "ETOS LLM Studio Watch App/ETOS LLM Studio Watch App.entitlements";
				CODE_SIGN_STYLE = Automatic;
				CURRENT_PROJECT_VERSION = 1;
				DEVELOPMENT_TEAM = K9LDK6LF4H;
				ENABLE_APP_SANDBOX = YES;
				ENABLE_INCOMING_NETWORK_CONNECTIONS = YES;
				ENABLE_OUTGOING_NETWORK_CONNECTIONS = YES;
				ENABLE_PREVIEWS = YES;
				GENERATE_INFOPLIST_FILE = YES;
				INFOPLIST_FILE = "ETOS LLM Studio Watch App/Info.plist";
				INFOPLIST_KEY_AppIdentifierPrefix = "$(AppIdentifierPrefix)";
				INFOPLIST_KEY_CFBundleDisplayName = ELS;
				INFOPLIST_KEY_ETKeychainAccessGroup = "$(AppIdentifierPrefix)com.ericterminal.els.shared";
				INFOPLIST_KEY_NSMicrophoneUsageDescription = "语音输入需要访问麦克风";
				INFOPLIST_KEY_UISupportedInterfaceOrientations = "UIInterfaceOrientationPortrait UIInterfaceOrientationPortraitUpsideDown";
				INFOPLIST_KEY_WKCompanionAppBundleIdentifier = com.ericterminal.els;
				INFOPLIST_KEY_WKRunsIndependentlyOfCompanionApp = YES;
				LD_RUNPATH_SEARCH_PATHS = (
					"$(inherited)",
					"@executable_path/Frameworks",
				);
				MARKETING_VERSION = 1.9.0;
				PRODUCT_BUNDLE_IDENTIFIER = com.ericterminal.els.watchkitapp;
				PRODUCT_NAME = "$(TARGET_NAME)";
				SDKROOT = watchos;
				SKIP_INSTALL = YES;
				STRING_CATALOG_GENERATE_SYMBOLS = YES;
				SWIFT_APPROACHABLE_CONCURRENCY = YES;
				SWIFT_DEFAULT_ACTOR_ISOLATION = MainActor;
				SWIFT_EMIT_LOC_STRINGS = YES;
				SWIFT_UPCOMING_FEATURE_MEMBER_IMPORT_VISIBILITY = YES;
				SWIFT_VERSION = 5.0;
				TARGETED_DEVICE_FAMILY = 4;
				WATCHOS_DEPLOYMENT_TARGET = 10.0;
			};
			name = Release;
		};
		079679722F1278F5006562BC /* Debug */ = {
			isa = XCBuildConfiguration;
			buildSettings = {
				BUNDLE_LOADER = "$(TEST_HOST)";
				CODE_SIGN_STYLE = Automatic;
				CURRENT_PROJECT_VERSION = 1;
				DEVELOPMENT_TEAM = K9LDK6LF4H;
				GENERATE_INFOPLIST_FILE = YES;
				MARKETING_VERSION = 1.0;
				PRODUCT_BUNDLE_IDENTIFIER = com.ericterminal.els.watchappTests;
				PRODUCT_NAME = "$(TARGET_NAME)";
				SDKROOT = watchos;
				STRING_CATALOG_GENERATE_SYMBOLS = NO;
				SWIFT_APPROACHABLE_CONCURRENCY = YES;
				SWIFT_EMIT_LOC_STRINGS = NO;
				SWIFT_UPCOMING_FEATURE_MEMBER_IMPORT_VISIBILITY = YES;
				SWIFT_VERSION = 5.0;
				TARGETED_DEVICE_FAMILY = 4;
				TEST_HOST = "$(BUILT_PRODUCTS_DIR)/ETOS LLM Studio Watch App.app/$(BUNDLE_EXECUTABLE_FOLDER_PATH)/ETOS LLM Studio Watch App";
				WATCHOS_DEPLOYMENT_TARGET = 26.2;
			};
			name = Debug;
		};
		079679732F1278F5006562BC /* Release */ = {
			isa = XCBuildConfiguration;
			buildSettings = {
				BUNDLE_LOADER = "$(TEST_HOST)";
				CODE_SIGN_STYLE = Automatic;
				CURRENT_PROJECT_VERSION = 1;
				DEVELOPMENT_TEAM = K9LDK6LF4H;
				GENERATE_INFOPLIST_FILE = YES;
				MARKETING_VERSION = 1.0;
				PRODUCT_BUNDLE_IDENTIFIER = com.ericterminal.els.watchappTests;
				PRODUCT_NAME = "$(TARGET_NAME)";
				SDKROOT = watchos;
				STRING_CATALOG_GENERATE_SYMBOLS = NO;
				SWIFT_APPROACHABLE_CONCURRENCY = YES;
				SWIFT_EMIT_LOC_STRINGS = NO;
				SWIFT_UPCOMING_FEATURE_MEMBER_IMPORT_VISIBILITY = YES;
				SWIFT_VERSION = 5.0;
				TARGETED_DEVICE_FAMILY = 4;
				TEST_HOST = "$(BUILT_PRODUCTS_DIR)/ETOS LLM Studio Watch App.app/$(BUNDLE_EXECUTABLE_FOLDER_PATH)/ETOS LLM Studio Watch App";
				WATCHOS_DEPLOYMENT_TARGET = 26.2;
			};
			name = Release;
		};
		07FA9DC72FD6C92600C6EEE9 /* Debug */ = {
			isa = XCBuildConfiguration;
			buildSettings = {
				BUNDLE_LOADER = "$(TEST_HOST)";
				CODE_SIGN_STYLE = Automatic;
				CURRENT_PROJECT_VERSION = 1;
				DEVELOPMENT_TEAM = K9LDK6LF4H;
				GENERATE_INFOPLIST_FILE = YES;
				IPHONEOS_DEPLOYMENT_TARGET = 26.5;
				MARKETING_VERSION = 1.0;
				PRODUCT_BUNDLE_IDENTIFIER = "com.ericterminal.ETOS-LLM-Studio-AppTests";
				PRODUCT_NAME = "$(TARGET_NAME)";
				STRING_CATALOG_GENERATE_SYMBOLS = NO;
				SWIFT_APPROACHABLE_CONCURRENCY = YES;
				SWIFT_EMIT_LOC_STRINGS = NO;
				SWIFT_UPCOMING_FEATURE_MEMBER_IMPORT_VISIBILITY = YES;
				SWIFT_VERSION = 5.0;
				TARGETED_DEVICE_FAMILY = "1,2";
				TEST_HOST = "$(BUILT_PRODUCTS_DIR)/ETOS LLM Studio App.app/$(BUNDLE_EXECUTABLE_FOLDER_PATH)/ETOS LLM Studio App";
			};
			name = Debug;
		};
		07FA9DC82FD6C92600C6EEE9 /* Release */ = {
			isa = XCBuildConfiguration;
			buildSettings = {
				BUNDLE_LOADER = "$(TEST_HOST)";
				CODE_SIGN_STYLE = Automatic;
				CURRENT_PROJECT_VERSION = 1;
				DEVELOPMENT_TEAM = K9LDK6LF4H;
				GENERATE_INFOPLIST_FILE = YES;
				IPHONEOS_DEPLOYMENT_TARGET = 26.5;
				MARKETING_VERSION = 1.0;
				PRODUCT_BUNDLE_IDENTIFIER = "com.ericterminal.ETOS-LLM-Studio-AppTests";
				PRODUCT_NAME = "$(TARGET_NAME)";
				STRING_CATALOG_GENERATE_SYMBOLS = NO;
				SWIFT_APPROACHABLE_CONCURRENCY = YES;
				SWIFT_EMIT_LOC_STRINGS = NO;
				SWIFT_UPCOMING_FEATURE_MEMBER_IMPORT_VISIBILITY = YES;
				SWIFT_VERSION = 5.0;
				TARGETED_DEVICE_FAMILY = "1,2";
				TEST_HOST = "$(BUILT_PRODUCTS_DIR)/ETOS LLM Studio App.app/$(BUNDLE_EXECUTABLE_FOLDER_PATH)/ETOS LLM Studio App";
			};
			name = Release;
		};
/* End XCBuildConfiguration section */

/* Begin XCConfigurationList section */
		073CA6D62E8CFD65004516A0 /* Build configuration list for PBXProject "ETOS LLM Studio" */ = {
			isa = XCConfigurationList;
			buildConfigurations = (
				073CA6E42E8CFD66004516A0 /* Debug */,
				073CA6E52E8CFD66004516A0 /* Release */,
			);
			defaultConfigurationIsVisible = 0;
			defaultConfigurationName = Release;
		};
		073CA6E62E8CFD66004516A0 /* Build configuration list for PBXNativeTarget "ETOS LLM Studio App" */ = {
			isa = XCConfigurationList;
			buildConfigurations = (
				073CA6E72E8CFD66004516A0 /* Debug */,
				073CA6E82E8CFD66004516A0 /* Release */,
			);
			defaultConfigurationIsVisible = 0;
			defaultConfigurationName = Release;
		};
		0743409C302B0CBB00F29D76 /* Build configuration list for PBXNativeTarget "ETOS Agent Share" */ = {
			isa = XCConfigurationList;
			buildConfigurations = (
				0743409D302B0CBB00F29D76 /* Debug */,
				0743409E302B0CBB00F29D76 /* Release */,
			);
			defaultConfigurationIsVisible = 0;
			defaultConfigurationName = Release;
		};
		074340B8302B0DBA00F29D76 /* Build configuration list for PBXNativeTarget "ETOS Agent Widgets" */ = {
			isa = XCConfigurationList;
			buildConfigurations = (
				074340B9302B0DBA00F29D76 /* Debug */,
				074340BA302B0DBA00F29D76 /* Release */,
			);
			defaultConfigurationIsVisible = 0;
			defaultConfigurationName = Release;
		};
		074340D0302B0EC200F29D76 /* Build configuration list for PBXNativeTarget "ETOS Workspace Provider" */ = {
			isa = XCConfigurationList;
			buildConfigurations = (
				074340D1302B0EC200F29D76 /* Debug */,
				074340D2302B0EC200F29D76 /* Release */,
			);
			defaultConfigurationIsVisible = 0;
			defaultConfigurationName = Release;
		};
		0743416A302B4A3B00F29D76 /* Build configuration list for PBXNativeTarget "ETOS Agent Watch WidgetsExtension" */ = {
			isa = XCConfigurationList;
			buildConfigurations = (
				0743416B302B4A3B00F29D76 /* Debug */,
				0743416C302B4A3B00F29D76 /* Release */,
			);
			defaultConfigurationIsVisible = 0;
			defaultConfigurationName = Release;
		};
		079679762F1278F5006562BC /* Build configuration list for PBXNativeTarget "ETOS LLM Studio Watch App" */ = {
			isa = XCConfigurationList;
			buildConfigurations = (
				079679702F1278F5006562BC /* Debug */,
				079679712F1278F5006562BC /* Release */,
			);
			defaultConfigurationIsVisible = 0;
			defaultConfigurationName = Release;
		};
		079679772F1278F5006562BC /* Build configuration list for PBXNativeTarget "ETOS LLM Studio Watch AppTests" */ = {
			isa = XCConfigurationList;
			buildConfigurations = (
				079679722F1278F5006562BC /* Debug */,
				079679732F1278F5006562BC /* Release */,
			);
			defaultConfigurationIsVisible = 0;
			defaultConfigurationName = Release;
		};
		07FA9DC92FD6C92600C6EEE9 /* Build configuration list for PBXNativeTarget "ETOS LLM Studio AppTests" */ = {
			isa = XCConfigurationList;
			buildConfigurations = (
				07FA9DC72FD6C92600C6EEE9 /* Debug */,
				07FA9DC82FD6C92600C6EEE9 /* Release */,
			);
			defaultConfigurationIsVisible = 0;
			defaultConfigurationName = Release;
		};
/* End XCConfigurationList section */

/* Begin XCRemoteSwiftPackageReference section */
		077CD2602E962D8D00AD6556 /* XCRemoteSwiftPackageReference "swift-markdown-ui" */ = {
			isa = XCRemoteSwiftPackageReference;
			repositoryURL = "https://github.com/gonzalezreal/swift-markdown-ui";
			requirement = {
				kind = upToNextMajorVersion;
				minimumVersion = 2.4.1;
			};
		};
		07BEEE052FB6DAAA000D31FC /* XCRemoteSwiftPackageReference "SQLCipher.swift" */ = {
			isa = XCRemoteSwiftPackageReference;
			repositoryURL = "https://github.com/sqlcipher/SQLCipher.swift.git";
			requirement = {
				kind = upToNextMajorVersion;
				minimumVersion = 4.16.0;
			};
		};
		07E153E82FC0EBA90056CC91 /* XCRemoteSwiftPackageReference "Cepheus" */ = {
			isa = XCRemoteSwiftPackageReference;
			repositoryURL = "https://github.com/Serene-Garden/Cepheus";
			requirement = {
				kind = upToNextMajorVersion;
				minimumVersion = 1.0.0;
			};
		};
		09A06C4A2F75031D0089D1E1 /* XCRemoteSwiftPackageReference "SwiftMath" */ = {
			isa = XCRemoteSwiftPackageReference;
			repositoryURL = "https://github.com/mgriebling/SwiftMath";
			requirement = {
				kind = upToNextMajorVersion;
				minimumVersion = 1.7.3;
			};
		};
/* End XCRemoteSwiftPackageReference section */

/* Begin XCSwiftPackageProductDependency section */
		077CD2612E962D8D00AD6556 /* MarkdownUI */ = {
			isa = XCSwiftPackageProductDependency;
			package = 077CD2602E962D8D00AD6556 /* XCRemoteSwiftPackageReference "swift-markdown-ui" */;
			productName = MarkdownUI;
		};
		079679BD2F1279C8006562BC /* MarkdownUI */ = {
			isa = XCSwiftPackageProductDependency;
			package = 077CD2602E962D8D00AD6556 /* XCRemoteSwiftPackageReference "swift-markdown-ui" */;
			productName = MarkdownUI;
		};
		07967AF22F1281AE006562BC /* MarkdownUI */ = {
			isa = XCSwiftPackageProductDependency;
			package = 077CD2602E962D8D00AD6556 /* XCRemoteSwiftPackageReference "swift-markdown-ui" */;
			productName = MarkdownUI;
		};
		07BEEE062FB6DAAB000D31FC /* SQLCipher */ = {
			isa = XCSwiftPackageProductDependency;
			package = 07BEEE052FB6DAAA000D31FC /* XCRemoteSwiftPackageReference "SQLCipher.swift" */;
			productName = SQLCipher;
		};
		07BEEE092FB6DAB8000D31FC /* SQLCipher */ = {
			isa = XCSwiftPackageProductDependency;
			package = 07BEEE052FB6DAAA000D31FC /* XCRemoteSwiftPackageReference "SQLCipher.swift" */;
			productName = SQLCipher;
		};
		07E153E92FC0EBA90056CC91 /* CepheusKeyboardKit */ = {
			isa = XCSwiftPackageProductDependency;
			package = 07E153E82FC0EBA90056CC91 /* XCRemoteSwiftPackageReference "Cepheus" */;
			productName = CepheusKeyboardKit;
		};
		09A06C4B2F75031D0089D1E1 /* SwiftMath */ = {
			isa = XCSwiftPackageProductDependency;
			package = 09A06C4A2F75031D0089D1E1 /* XCRemoteSwiftPackageReference "SwiftMath" */;
			productName = SwiftMath;
		};
/* End XCSwiftPackageProductDependency section */
	};
	rootObject = 073CA6D32E8CFD65004516A0 /* Project object */;
}
